{
  "requires": true,
  "lockfileVersion": 1,
  "dependencies": {
    "vuetify": {
      "version": "3.4.9",
      "resolved": "https://registry.npmjs.org/vuetify/-/vuetify-3.4.9.tgz",
      "integrity": "sha512-pgBPdbgrHHHZWRybWevzRFezMax6CP2MccTivjOZSOF0XsnzoNOJGGpkTgIfBrk4UCp9jKx6JOJIztGtx/IcSw=="
    }
  }
}
